// !$*UTF8*$!
{
	archiveVersion = 1;
	classes = {
	};
	objectVersion = 77;
	objects = {

/* Begin PBXContainerItemProxy section */
		E5E0B0B82CF65BCD0015C824 /* PBXContainerItemProxy */ = {
			isa = PBXContainerItemProxy;
			containerPortal = E5E0B09F2CF65BCC0015C824 /* Project object */;
			proxyType = 1;
			remoteGlobalIDString = E5E0B0A62CF65BCC0015C824;
			remoteInfo = Cities;
		};
		E5E0B0C22CF65BCD0015C824 /* PBXContainerItemProxy */ = {
			isa = PBXContainerItemProxy;
			containerPortal = E5E0B09F2CF65BCC0015C824 /* Project object */;
			proxyType = 1;
			remoteGlobalIDString = E5E0B0A62CF65BCC0015C824;
			remoteInfo = Cities;
		};
/* End PBXContainerItemProxy section */

/* Begin PBXFileReference section */
		E5E0B0A72CF65BCC0015C824 /* Cities.app */ = {isa = PBXFileReference; explicitFileType = wrapper.application; includeInIndex = 0; path = Cities.app; sourceTree = BUILT_PRODUCTS_DIR; };
		E5E0B0B72CF65BCD0015C824 /* CitiesTests.xctest */ = {isa = PBXFileReference; explicitFileType = wrapper.cfbundle; includeInIndex = 0; path = CitiesTests.xctest; sourceTree = BUILT_PRODUCTS_DIR; };
		E5E0B0C12CF65BCD0015C824 /* CitiesUITests.xctest */ = {isa = PBXFileReference; explicitFileType = wrapper.cfbundle; includeInIndex = 0; path = CitiesUITests.xctest; sourceTree = BUILT_PRODUCTS_DIR; };
/* End PBXFileReference section */

/* Begin PBXFileSystemSynchronizedRootGroup section */
		E5E0B0A92CF65BCC0015C824 /* Cities */ = {
			isa = PBXFileSystemSynchronizedRootGroup;
			path = Cities;
			sourceTree = "<group>";
		};
		E5E0B0BA2CF65BCD0015C824 /* CitiesTests */ = {
			isa = PBXFileSystemSynchronizedRootGroup;
			path = CitiesTests;
			sourceTree = "<group>";
		};
		E5E0B0C42CF65BCD0015C824 /* CitiesUITests */ = {
			isa = PBXFileSystemSynchronizedRootGroup;
			path = CitiesUITests;
			sourceTree = "<group>";
		};
/* End PBXFileSystemSynchronizedRootGroup section */

/* Begin PBXFrameworksBuildPhase section */
		E5E0B0A42CF65BCC0015C824 /* Frameworks */ = {
			isa = PBXFrameworksBuildPhase;
			buildActionMask = 2147483647;
			files = (
			);
			runOnlyForDeploymentPostprocessing = 0;
		};
		E5E0B0B42CF65BCD0015C824 /* Frameworks */ = {
			isa = PBXFrameworksBuildPhase;
			buildActionMask = 2147483647;
			files = (
			);
			runOnlyForDeploymentPostprocessing = 0;
		};
		E5E0B0BE2CF65BCD0015C824 /* Frameworks */ = {
			isa = PBXFrameworksBuildPhase;
			buildActionMask = 2147483647;
			files = (
			);
			runOnlyForDeploymentPostprocessing = 0;
		};
/* End PBXFrameworksBuildPhase section */

/* Begin PBXGroup section */
		E5E0B09E2CF65BCC0015C824 = {
			isa = PBXGroup;
			children = (
				E5E0B0A92CF65BCC0015C824 /* Cities */,
				E5E0B0BA2CF65BCD0015C824 /* CitiesTests */,
				E5E0B0C42CF65BCD0015C824 /* CitiesUITests */,
				E5E0B0A82CF65BCC0015C824 /* Products */,
			);
			sourceTree = "<group>";
		};
		E5E0B0A82CF65BCC0015C824 /* Products */ = {
			isa = PBXGroup;
			children = (
				E5E0B0A72CF65BCC0015C824 /* Cities.app */,
				E5E0B0B72CF65BCD0015C824 /* CitiesTests.xctest */,
				E5E0B0C12CF65BCD0015C824 /* CitiesUITests.xctest */,
			);
			name = Products;
			sourceTree = "<group>";
		};
/* End PBXGroup section */

/* Begin PBXNativeTarget section */
		E5E0B0A62CF65BCC0015C824 /* Cities */ = {
			isa = PBXNativeTarget;
			buildConfigurationList = E5E0B0CB2CF65BCD0015C824 /* Build configuration list for PBXNativeTarget "Cities" */;
			buildPhases = (
				E5E0B0A32CF65BCC0015C824 /* Sources */,
				E5E0B0A42CF65BCC0015C824 /* Frameworks */,
				E5E0B0A52CF65BCC0015C824 /* Resources */,
			);
			buildRules = (
			);
			dependencies = (
			);
			fileSystemSynchronizedGroups = (
				E5E0B0A92CF65BCC0015C824 /* Cities */,
			);
			name = Cities;
			packageProductDependencies = (
			);
			productName = Cities;
			productReference = E5E0B0A72CF65BCC0015C824 /* Cities.app */;
			productType = "com.apple.product-type.application";
		};
		E5E0B0B62CF65BCD0015C824 /* CitiesTests */ = {
			isa = PBXNativeTarget;
			buildConfigurationList = E5E0B0CE2CF65BCD0015C824 /* Build configuration list for PBXNativeTarget "CitiesTests" */;
			buildPhases = (
				E5E0B0B32CF65BCD0015C824 /* Sources */,
				E5E0B0B42CF65BCD0015C824 /* Frameworks */,
				E5E0B0B52CF65BCD0015C824 /* Resources */,
			);
			buildRules = (
			);
			dependencies = (
				E5E0B0B92CF65BCD0015C824 /* PBXTargetDependency */,
			);
			fileSystemSynchronizedGroups = (
				E5E0B0BA2CF65BCD0015C824 /* CitiesTests */,
			);
			name = CitiesTests;
			packageProductDependencies = (
			);
			productName = CitiesTests;
			productReference = E5E0B0B72CF65BCD0015C824 /* CitiesTests.xctest */;
			productType = "com.apple.product-type.bundle.unit-test";
		};
		E5E0B0C02CF65BCD0015C824 /* CitiesUITests */ = {
			isa = PBXNativeTarget;
			buildConfigurationList = E5E0B0D12CF65BCD0015C824 /* Build configuration list for PBXNativeTarget "CitiesUITests" */;
			buildPhases = (
				E5E0B0BD2CF65BCD0015C824 /* Sources */,
				E5E0B0BE2CF65BCD0015C824 /* Frameworks */,
				E5E0B0BF2CF65BCD0015C824 /* Resources */,
			);
			buildRules = (
			);
			dependencies = (
				E5E0B0C32CF65BCD0015C824 /* PBXTargetDependency */,
			);
			fileSystemSynchronizedGroups = (
				E5E0B0C42CF65BCD0015C824 /* CitiesUITests */,
			);
			name = CitiesUITests;
			packageProductDependencies = (
			);
			productName = CitiesUITests;
			productReference = E5E0B0C12CF65BCD0015C824 /* CitiesUITests.xctest */;
			productType = "com.apple.product-type.bundle.ui-testing";
		};
/* End PBXNativeTarget section */

/* Begin PBXProject section */
		E5E0B09F2CF65BCC0015C824 /* Project object */ = {
			isa = PBXProject;
			attributes = {
				BuildIndependentTargetsInParallel = 1;
				LastSwiftUpdateCheck = 1600;
				LastUpgradeCheck = 1600;
				TargetAttributes = {
					E5E0B0A62CF65BCC0015C824 = {
						CreatedOnToolsVersion = 16.0;
					};
					E5E0B0B62CF65BCD0015C824 = {
						CreatedOnToolsVersion = 16.0;
						TestTargetID = E5E0B0A62CF65BCC0015C824;
					};
					E5E0B0C02CF65BCD0015C824 = {
						CreatedOnToolsVersion = 16.0;
						TestTargetID = E5E0B0A62CF65BCC0015C824;
					};
				};
			};
			buildConfigurationList = E5E0B0A22CF65BCC0015C824 /* Build configuration list for PBXProject "Cities" */;
			developmentRegion = en;
			hasScannedForEncodings = 0;
			knownRegions = (
				en,
				Base,
			);
			mainGroup = E5E0B09E2CF65BCC0015C824;
			minimizedProjectReferenceProxies = 1;
			preferredProjectObjectVersion = 77;
			productRefGroup = E5E0B0A82CF65BCC0015C824 /* Products */;
			projectDirPath = "";
			projectRoot = "";
			targets = (
				E5E0B0A62CF65BCC0015C824 /* Cities */,
				E5E0B0B62CF65BCD0015C824 /* CitiesTests */,
				E5E0B0C02CF65BCD0015C824 /* CitiesUITests */,
			);
		};
/* End PBXProject section */

/* Begin PBXResourcesBuildPhase section */
		E5E0B0A52CF65BCC0015C824 /* Resources */ = {
			isa = PBXResourcesBuildPhase;
			buildActionMask = 2147483647;
			files = (
			);
			runOnlyForDeploymentPostprocessing = 0;
		};
		E5E0B0B52CF65BCD0015C824 /* Resources */ = {
			isa = PBXResourcesBuildPhase;
			buildActionMask = 2147483647;
			files = (
			);
			runOnlyForDeploymentPostprocessing = 0;
		};
		E5E0B0BF2CF65BCD0015C824 /* Resources */ = {
			isa = PBXResourcesBuildPhase;
			buildActionMask = 2147483647;
			files = (
			);
			runOnlyForDeploymentPostprocessing = 0;
		};
/* End PBXResourcesBuildPhase section */

/* Begin PBXSourcesBuildPhase section */
		E5E0B0A32CF65BCC0015C824 /* Sources */ = {
			isa = PBXSourcesBuildPhase;
			buildActionMask = 2147483647;
			files = (
			);
			runOnlyForDeploymentPostprocessing = 0;
		};
		E5E0B0B32CF65BCD0015C824 /* Sources */ = {
			isa = PBXSourcesBuildPhase;
			buildActionMask = 2147483647;
			files = (
			);
			runOnlyForDeploymentPostprocessing = 0;
		};
		E5E0B0BD2CF65BCD0015C824 /* Sources */ = {
			isa = PBXSourcesBuildPhase;
			buildActionMask = 2147483647;
			files = (
			);
			runOnlyForDeploymentPostprocessing = 0;
		};
/* End PBXSourcesBuildPhase section */

/* Begin PBXTargetDependency section */
		E5E0B0B92CF65BCD0015C824 /* PBXTargetDependency */ = {
			isa = PBXTargetDependency;
			target = E5E0B0A62CF65BCC0015C824 /* Cities */;
			targetProxy = E5E0B0B82CF65BCD0015C824 /* PBXContainerItemProxy */;
		};
		E5E0B0C32CF65BCD0015C824 /* PBXTargetDependency */ = {
			isa = PBXTargetDependency;
			target = E5E0B0A62CF65BCC0015C824 /* Cities */;
			targetProxy = E5E0B0C22CF65BCD0015C824 /* PBXContainerItemProxy */;
		};
/* End PBXTargetDependency section */

/* Begin XCBuildConfiguration section */
		E5E0B0C92CF65BCD0015C824 /* Debug */ = {
			isa = XCBuildConfiguration;
			buildSettings = {
				ALWAYS_SEARCH_USER_PATHS = NO;
				ASSETCATALOG_COMPILER_GENERATE_SWIFT_ASSET_SYMBOL_EXTENSIONS = YES;
				CLANG_ANALYZER_NONNULL = YES;
				CLANG_ANALYZER_NUMBER_OBJECT_CONVERSION = YES_AGGRESSIVE;
				CLANG_CXX_LANGUAGE_STANDARD = "gnu++20";
				CLANG_ENABLE_MODULES = YES;
				CLANG_ENABLE_OBJC_ARC = YES;
				CLANG_ENABLE_OBJC_WEAK = YES;
				CLANG_WARN_BLOCK_CAPTURE_AUTORELEASING = YES;
				CLANG_WARN_BOOL_CONVERSION = YES;
				CLANG_WARN_COMMA = YES;
				CLANG_WARN_CONSTANT_CONVERSION = YES;
				CLANG_WARN_DEPRECATED_OBJC_IMPLEMENTATIONS = YES;
				CLANG_WARN_DIRECT_OBJC_ISA_USAGE = YES_ERROR;
				CLANG_WARN_DOCUMENTATION_COMMENTS = YES;
				CLANG_WARN_EMPTY_BODY = YES;
				CLANG_WARN_ENUM_CONVERSION = YES;
				CLANG_WARN_INFINITE_RECURSION = YES;
				CLANG_WARN_INT_CONVERSION = YES;
				CLANG_WARN_NON_LITERAL_NULL_CONVERSION = YES;
				CLANG_WARN_OBJC_IMPLICIT_RETAIN_SELF = YES;
				CLANG_WARN_OBJC_LITERAL_CONVERSION = YES;
				CLANG_WARN_OBJC_ROOT_CLASS = YES_ERROR;
				CLANG_WARN_QUOTED_INCLUDE_IN_FRAMEWORK_HEADER = YES;
				CLANG_WARN_RANGE_LOOP_ANALYSIS = YES;
				CLANG_WARN_STRICT_PROTOTYPES = YES;
				CLANG_WARN_SUSPICIOUS_MOVE = YES;
				CLANG_WARN_UNGUARDED_AVAILABILITY = YES_AGGRESSIVE;
				CLANG_WARN_UNREACHABLE_CODE = YES;
				CLANG_WARN__DUPLICATE_METHOD_MATCH = YES;
				COPY_PHASE_STRIP = NO;
				DEBUG_INFORMATION_FORMAT = dwarf;
				ENABLE_STRICT_OBJC_MSGSEND = YES;
				ENABLE_TESTABILITY = YES;
				ENABLE_USER_SCRIPT_SANDBOXING = YES;
				GCC_C_LANGUAGE_STANDARD = gnu17;
				GCC_DYNAMIC_NO_PIC = NO;
				GCC_NO_COMMON_BLOCKS = YES;
				GCC_OPTIMIZATION_LEVEL = 0;
				GCC_PREPROCESSOR_DEFINITIONS = (
					"DEBUG=1",
					"$(inherited)",
				);
				GCC_WARN_64_TO_32_BIT_CONVERSION = YES;
				GCC_WARN_ABOUT_RETURN_TYPE = YES_ERROR;
				GCC_WARN_UNDECLARED_SELECTOR = YES;
				GCC_WARN_UNINITIALIZED_AUTOS = YES_AGGRESSIVE;
				GCC_WARN_UNUSED_FUNCTION = YES;
				GCC_WARN_UNUSED_VARIABLE = YES;
				IPHONEOS_DEPLOYMENT_TARGET = 18.0;
				LOCALIZATION_PREFERS_STRING_CATALOGS = YES;
				MTL_ENABLE_DEBUG_INFO = INCLUDE_SOURCE;
				MTL_FAST_MATH = YES;
				ONLY_ACTIVE_ARCH = YES;
				SDKROOT = iphoneos;
				SWIFT_ACTIVE_COMPILATION_CONDITIONS = "DEBUG $(inherited)";
				SWIFT_OPTIMIZATION_LEVEL = "-Onone";
			};
			name = Debug;
		};
		E5E0B0CA2CF65BCD0015C824 /* Release */ = {
			isa = XCBuildConfiguration;
			buildSettings = {
				ALWAYS_SEARCH_USER_PATHS = NO;
				ASSETCATALOG_COMPILER_GENERATE_SWIFT_ASSET_SYMBOL_EXTENSIONS = YES;
				CLANG_ANALYZER_NONNULL = YES;
				CLANG_ANALYZER_NUMBER_OBJECT_CONVERSION = YES_AGGRESSIVE;
				CLANG_CXX_LANGUAGE_STANDARD = "gnu++20";
				CLANG_ENABLE_MODULES = YES;
				CLANG_ENABLE_OBJC_ARC = YES;
				CLANG_ENABLE_OBJC_WEAK = YES;
				CLANG_WARN_BLOCK_CAPTURE_AUTORELEASING = YES;
				CLANG_WARN_BOOL_CONVERSION = YES;
				CLANG_WARN_COMMA = YES;
				CLANG_WARN_CONSTANT_CONVERSION = YES;
				CLANG_WARN_DEPRECATED_OBJC_IMPLEMENTATIONS = YES;
				CLANG_WARN_DIRECT_OBJC_ISA_USAGE = YES_ERROR;
				CLANG_WARN_DOCUMENTATION_COMMENTS = YES;
				CLANG_WARN_EMPTY_BODY = YES;
				CLANG_WARN_ENUM_CONVERSION = YES;
				CLANG_WARN_INFINITE_RECURSION = YES;
				CLANG_WARN_INT_CONVERSION = YES;
				CLANG_WARN_NON_LITERAL_NULL_CONVERSION = YES;
				CLANG_WARN_OBJC_IMPLICIT_RETAIN_SELF = YES;
				CLANG_WARN_OBJC_LITERAL_CONVERSION = YES;
				CLANG_WARN_OBJC_ROOT_CLASS = YES_ERROR;
				CLANG_WARN_QUOTED_INCLUDE_IN_FRAMEWORK_HEADER = YES;
				CLANG_WARN_RANGE_LOOP_ANALYSIS = YES;
				CLANG_WARN_STRICT_PROTOTYPES = YES;
				CLANG_WARN_SUSPICIOUS_MOVE = YES;
				CLANG_WARN_UNGUARDED_AVAILABILITY = YES_AGGRESSIVE;
				CLANG_WARN_UNREACHABLE_CODE = YES;
				CLANG_WARN__DUPLICATE_METHOD_MATCH = YES;
				COPY_PHASE_STRIP = NO;
				DEBUG_INFORMATION_FORMAT = "dwarf-with-dsym";
				ENABLE_NS_ASSERTIONS = NO;
				ENABLE_STRICT_OBJC_MSGSEND = YES;
				ENABLE_USER_SCRIPT_SANDBOXING = YES;
				GCC_C_LANGUAGE_STANDARD = gnu17;
				GCC_NO_COMMON_BLOCKS = YES;
				GCC_WARN_64_TO_32_BIT_CONVERSION = YES;
				GCC_WARN_ABOUT_RETURN_TYPE = YES_ERROR;
				GCC_WARN_UNDECLARED_SELECTOR = YES;
				GCC_WARN_UNINITIALIZED_AUTOS = YES_AGGRESSIVE;
				GCC_WARN_UNUSED_FUNCTION = YES;
				GCC_WARN_UNUSED_VARIABLE = YES;
				IPHONEOS_DEPLOYMENT_TARGET = 18.0;
				LOCALIZATION_PREFERS_STRING_CATALOGS = YES;
				MTL_ENABLE_DEBUG_INFO = NO;
				MTL_FAST_MATH = YES;
				SDKROOT = iphoneos;
				SWIFT_COMPILATION_MODE = wholemodule;
				VALIDATE_PRODUCT = YES;
			};
			name = Release;
		};
		E5E0B0CC2CF65BCD0015C824 /* Debug */ = {
			isa = XCBuildConfiguration;
			buildSettings = {
				ASSETCATALOG_COMPILER_APPICON_NAME = AppIcon;
				ASSETCATALOG_COMPILER_GLOBAL_ACCENT_COLOR_NAME = AccentColor;
				CODE_SIGN_STYLE = Automatic;
				CURRENT_PROJECT_VERSION = 1;
				DEVELOPMENT_ASSET_PATHS = "\"Cities/Preview Content\"";
				ENABLE_PREVIEWS = YES;
				GENERATE_INFOPLIST_FILE = YES;
				INFOPLIST_KEY_UIApplicationSceneManifest_Generation = YES;
				INFOPLIST_KEY_UIApplicationSupportsIndirectInputEvents = YES;
				INFOPLIST_KEY_UILaunchScreen_Generation = YES;
				INFOPLIST_KEY_UISupportedInterfaceOrientations_iPad = "UIInterfaceOrientationPortrait UIInterfaceOrientationPortraitUpsideDown UIInterfaceOrientationLandscapeLeft UIInterfaceOrientationLandscapeRight";
				INFOPLIST_KEY_UISupportedInterfaceOrientations_iPhone = "UIInterfaceOrientationPortrait UIInterfaceOrientationLandscapeLeft UIInterfaceOrientationLandscapeRight";
				LD_RUNPATH_SEARCH_PATHS = (
					"$(inherited)",
					"@executable_path/Frameworks",
				);
				MARKETING_VERSION = 1.0;
				PRODUCT_BUNDLE_IDENTIFIER = com.andres.Cities;
				PRODUCT_NAME = "$(TARGET_NAME)";
				SWIFT_EMIT_LOC_STRINGS = YES;
				SWIFT_VERSION = 5.0;
				TARGETED_DEVICE_FAMILY = "1,2";
			};
			name = Debug;
		};
		E5E0B0CD2CF65BCD0015C824 /* Release */ = {
			isa = XCBuildConfiguration;
			buildSettings = {
				ASSETCATALOG_COMPILER_APPICON_NAME = AppIcon;
				ASSETCATALOG_COMPILER_GLOBAL_ACCENT_COLOR_NAME = AccentColor;
				CODE_SIGN_STYLE = Automatic;
				CURRENT_PROJECT_VERSION = 1;
				DEVELOPMENT_ASSET_PATHS = "\"Cities/Preview Content\"";
				ENABLE_PREVIEWS = YES;
				GENERATE_INFOPLIST_FILE = YES;
				INFOPLIST_KEY_UIApplicationSceneManifest_Generation = YES;
				INFOPLIST_KEY_UIApplicationSupportsIndirectInputEvents = YES;
				INFOPLIST_KEY_UILaunchScreen_Generation = YES;
				INFOPLIST_KEY_UISupportedInterfaceOrientations_iPad = "UIInterfaceOrientationPortrait UIInterfaceOrientationPortraitUpsideDown UIInterfaceOrientationLandscapeLeft UIInterfaceOrientationLandscapeRight";
				INFOPLIST_KEY_UISupportedInterfaceOrientations_iPhone = "UIInterfaceOrientationPortrait UIInterfaceOrientationLandscapeLeft UIInterfaceOrientationLandscapeRight";
				LD_RUNPATH_SEARCH_PATHS = (
					"$(inherited)",
					"@executable_path/Frameworks",
				);
				MARKETING_VERSION = 1.0;
				PRODUCT_BUNDLE_IDENTIFIER = com.andres.Cities;
				PRODUCT_NAME = "$(TARGET_NAME)";
				SWIFT_EMIT_LOC_STRINGS = YES;
				SWIFT_VERSION = 5.0;
				TARGETED_DEVICE_FAMILY = "1,2";
			};
			name = Release;
		};
		E5E0B0CF2CF65BCD0015C824 /* Debug */ = {
			isa = XCBuildConfiguration;
			buildSettings = {
				BUNDLE_LOADER = "$(TEST_HOST)";
				CODE_SIGN_STYLE = Automatic;
				CURRENT_PROJECT_VERSION = 1;
				GENERATE_INFOPLIST_FILE = YES;
				IPHONEOS_DEPLOYMENT_TARGET = 18.0;
				MARKETING_VERSION = 1.0;
				PRODUCT_BUNDLE_IDENTIFIER = com.andres.CitiesTests;
				PRODUCT_NAME = "$(TARGET_NAME)";
				SWIFT_EMIT_LOC_STRINGS = NO;
				SWIFT_VERSION = 5.0;
				TARGETED_DEVICE_FAMILY = "1,2";
				TEST_HOST = "$(BUILT_PRODUCTS_DIR)/Cities.app/$(BUNDLE_EXECUTABLE_FOLDER_PATH)/Cities";
			};
			name = Debug;
		};
		E5E0B0D02CF65BCD0015C824 /* Release */ = {
			isa = XCBuildConfiguration;
			buildSettings = {
				BUNDLE_LOADER = "$(TEST_HOST)";
				CODE_SIGN_STYLE = Automatic;
				CURRENT_PROJECT_VERSION = 1;
				GENERATE_INFOPLIST_FILE = YES;
				IPHONEOS_DEPLOYMENT_TARGET = 18.0;
				MARKETING_VERSION = 1.0;
				PRODUCT_BUNDLE_IDENTIFIER = com.andres.CitiesTests;
				PRODUCT_NAME = "$(TARGET_NAME)";
				SWIFT_EMIT_LOC_STRINGS = NO;
				SWIFT_VERSION = 5.0;
				TARGETED_DEVICE_FAMILY = "1,2";
				TEST_HOST = "$(BUILT_PRODUCTS_DIR)/Cities.app/$(BUNDLE_EXECUTABLE_FOLDER_PATH)/Cities";
			};
			name = Release;
		};
		E5E0B0D22CF65BCD0015C824 /* Debug */ = {
			isa = XCBuildConfiguration;
			buildSettings = {
				CODE_SIGN_STYLE = Automatic;
				CURRENT_PROJECT_VERSION = 1;
				GENERATE_INFOPLIST_FILE = YES;
				MARKETING_VERSION = 1.0;
				PRODUCT_BUNDLE_IDENTIFIER = com.andres.CitiesUITests;
				PRODUCT_NAME = "$(TARGET_NAME)";
				SWIFT_EMIT_LOC_STRINGS = NO;
				SWIFT_VERSION = 5.0;
				TARGETED_DEVICE_FAMILY = "1,2";
				TEST_TARGET_NAME = Cities;
			};
			name = Debug;
		};
		E5E0B0D32CF65BCD0015C824 /* Release */ = {
			isa = XCBuildConfiguration;
			buildSettings = {
				CODE_SIGN_STYLE = Automatic;
				CURRENT_PROJECT_VERSION = 1;
				GENERATE_INFOPLIST_FILE = YES;
				MARKETING_VERSION = 1.0;
				PRODUCT_BUNDLE_IDENTIFIER = com.andres.CitiesUITests;
				PRODUCT_NAME = "$(TARGET_NAME)";
				SWIFT_EMIT_LOC_STRINGS = NO;
				SWIFT_VERSION = 5.0;
				TARGETED_DEVICE_FAMILY = "1,2";
				TEST_TARGET_NAME = Cities;
			};
			name = Release;
		};
/* End XCBuildConfiguration section */

/* Begin XCConfigurationList section */
		E5E0B0A22CF65BCC0015C824 /* Build configuration list for PBXProject "Cities" */ = {
			isa = XCConfigurationList;
			buildConfigurations = (
				E5E0B0C92CF65BCD0015C824 /* Debug */,
				E5E0B0CA2CF65BCD0015C824 /* Release */,
			);
			defaultConfigurationIsVisible = 0;
			defaultConfigurationName = Release;
		};
		E5E0B0CB2CF65BCD0015C824 /* Build configuration list for PBXNativeTarget "Cities" */ = {
			isa = XCConfigurationList;
			buildConfigurations = (
				E5E0B0CC2CF65BCD0015C824 /* Debug */,
				E5E0B0CD2CF65BCD0015C824 /* Release */,
			);
			defaultConfigurationIsVisible = 0;
			defaultConfigurationName = Release;
		};
		E5E0B0CE2CF65BCD0015C824 /* Build configuration list for PBXNativeTarget "CitiesTests" */ = {
			isa = XCConfigurationList;
			buildConfigurations = (
				E5E0B0CF2CF65BCD0015C824 /* Debug */,
				E5E0B0D02CF65BCD0015C824 /* Release */,
			);
			defaultConfigurationIsVisible = 0;
			defaultConfigurationName = Release;
		};
		E5E0B0D12CF65BCD0015C824 /* Build configuration list for PBXNativeTarget "CitiesUITests" */ = {
			isa = XCConfigurationList;
			buildConfigurations = (
				E5E0B0D22CF65BCD0015C824 /* Debug */,
				E5E0B0D32CF65BCD0015C824 /* Release */,
			);
			defaultConfigurationIsVisible = 0;
			defaultConfigurationName = Release;
		};
/* End XCConfigurationList section */
	};
	rootObject = E5E0B09F2CF65BCC0015C824 /* Project object */;
}
